
Microsoft Visual Studio Solution File, Format Version 12.00
# Visual Studio Version 17
VisualStudioVersion = 17.9.34616.47
MinimumVisualStudioVersion = 10.0.40219.1
Project("{FAE04EC0-301F-11D3-BF4B-00C04F79EFBC}") = "Waste and Recycle Managemnet Platform", "Waste and Recycle Managemnet Platform.csproj", "{48A8C779-AD4C-4A13-9F6E-8504F08292A9}"
EndProject
Global
	GlobalSection(SolutionConfigurationPlatforms) = preSolution
		Debug|Any CPU = Debug|Any CPU
		Release|Any CPU = Release|Any CPU
	EndGlobalSection
	GlobalSection(ProjectConfigurationPlatforms) = postSolution
		{48A8C779-AD4C-4A13-9F6E-8504F08292A9}.Debug|Any CPU.ActiveCfg = Debug|Any CPU
		{48A8C779-AD4C-4A13-9F6E-8504F08292A9}.Debug|Any CPU.Build.0 = Debug|Any CPU
		{48A8C779-AD4C-4A13-9F6E-8504F08292A9}.Release|Any CPU.ActiveCfg = Release|Any CPU
		{48A8C779-AD4C-4A13-9F6E-8504F08292A9}.Release|Any CPU.Build.0 = Release|Any CPU
	EndGlobalSection
	GlobalSection(SolutionProperties) = preSolution
		HideSolutionNode = FALSE
	EndGlobalSection
	GlobalSection(ExtensibilityGlobals) = postSolution
		SolutionGuid = {D736243D-FCF4-441B-823A-3707394AAC1A}
	EndGlobalSection
EndGlobal
